// !$*UTF8*$!
{
	archiveVersion = 1;
	classes = {
	};
	objectVersion = 46;
	objects = {

/* Begin PBXBuildFile section */
		D9AD9B791EE2B8E800ADC4C6 /* AppDelegate.swift in Sources */ = {isa = PBXBuildFile; fileRef = D9AD9B781EE2B8E800ADC4C6 /* AppDelegate.swift */; };
		D9AD9B7B1EE2B8E800ADC4C6 /* ViewController.swift in Sources */ = {isa = PBXBuildFile; fileRef = D9AD9B7A1EE2B8E800ADC4C6 /* ViewController.swift */; };
		D9AD9B7E1EE2B8E800ADC4C6 /* Main.storyboard in Resources */ = {isa = PBXBuildFile; fileRef = D9AD9B7C1EE2B8E800ADC4C6 /* Main.storyboard */; };
		D9AD9B811EE2B8E800ADC4C6 /* SegmentedControl.xcdatamodeld in Sources */ = {isa = PBXBuildFile; fileRef = D9AD9B7F1EE2B8E800ADC4C6 /* SegmentedControl.xcdatamodeld */; };
		D9AD9B831EE2B8E800ADC4C6 /* Assets.xcassets in Resources */ = {isa = PBXBuildFile; fileRef = D9AD9B821EE2B8E800ADC4C6 /* Assets.xcassets */; };
		D9AD9B861EE2B8E800ADC4C6 /* LaunchScreen.storyboard in Resources */ = {isa = PBXBuildFile; fileRef = D9AD9B841EE2B8E800ADC4C6 /* LaunchScreen.storyboard */; };
		D9AD9B911EE2B8E800ADC4C6 /* SegmentedControlTests.swift in Sources */ = {isa = PBXBuildFile; fileRef = D9AD9B901EE2B8E800ADC4C6 /* SegmentedControlTests.swift */; };
/* End PBXBuildFile section */

/* Begin PBXContainerItemProxy section */
		D9AD9B8D1EE2B8E800ADC4C6 /* PBXContainerItemProxy */ = {
			isa = PBXContainerItemProxy;
			containerPortal = D9AD9B6D1EE2B8E800ADC4C6 /* Project object */;
			proxyType = 1;
			remoteGlobalIDString = D9AD9B741EE2B8E800ADC4C6;
			remoteInfo = SegmentedControl;
		};
/* End PBXContainerItemProxy section */

/* Begin PBXFileReference section */
		D9AD9B751EE2B8E800ADC4C6 /* SegmentedControl.app */ = {isa = PBXFileReference; explicitFileType = wrapper.application; includeInIndex = 0; path = SegmentedControl.app; sourceTree = BUILT_PRODUCTS_DIR; };
		D9AD9B781EE2B8E800ADC4C6 /* AppDelegate.swift */ = {isa = PBXFileReference; lastKnownFileType = sourcecode.swift; path = AppDelegate.swift; sourceTree = "<group>"; };
		D9AD9B7A1EE2B8E800ADC4C6 /* ViewController.swift */ = {isa = PBXFileReference; lastKnownFileType = sourcecode.swift; path = ViewController.swift; sourceTree = "<group>"; };
		D9AD9B7D1EE2B8E800ADC4C6 /* Base */ = {isa = PBXFileReference; lastKnownFileType = file.storyboard; name = Base; path = Base.lproj/Main.storyboard; sourceTree = "<group>"; };
		D9AD9B801EE2B8E800ADC4C6 /* SegmentedControl.xcdatamodel */ = {isa = PBXFileReference; lastKnownFileType = wrapper.xcdatamodel; path = SegmentedControl.xcdatamodel; sourceTree = "<group>"; };
		D9AD9B821EE2B8E800ADC4C6 /* Assets.xcassets */ = {isa = PBXFileReference; lastKnownFileType = folder.assetcatalog; path = Assets.xcassets; sourceTree = "<group>"; };
		D9AD9B851EE2B8E800ADC4C6 /* Base */ = {isa = PBXFileReference; lastKnownFileType = file.storyboard; name = Base; path = Base.lproj/LaunchScreen.storyboard; sourceTree = "<group>"; };
		D9AD9B871EE2B8E800ADC4C6 /* Info.plist */ = {isa = PBXFileReference; lastKnownFileType = text.plist.xml; path = Info.plist; sourceTree = "<group>"; };
		D9AD9B8C1EE2B8E800ADC4C6 /* SegmentedControlTests.xctest */ = {isa = PBXFileReference; explicitFileType = wrapper.cfbundle; includeInIndex = 0; path = SegmentedControlTests.xctest; sourceTree = BUILT_PRODUCTS_DIR; };
		D9AD9B901EE2B8E800ADC4C6 /* SegmentedControlTests.swift */ = {isa = PBXFileReference; lastKnownFileType = sourcecode.swift; path = SegmentedControlTests.swift; sourceTree = "<group>"; };
		D9AD9B921EE2B8E800ADC4C6 /* Info.plist */ = {isa = PBXFileReference; lastKnownFileType = text.plist.xml; path = Info.plist; sourceTree = "<group>"; };
/* End PBXFileReference section */

/* Begin PBXFrameworksBuildPhase section */
		D9AD9B721EE2B8E800ADC4C6 /* Frameworks */ = {
			isa = PBXFrameworksBuildPhase;
			buildActionMask = 2147483647;
			files = (
			);
			runOnlyForDeploymentPostprocessing = 0;
		};
		D9AD9B891EE2B8E800ADC4C6 /* Frameworks */ = {
			isa = PBXFrameworksBuildPhase;
			buildActionMask = 2147483647;
			files = (
			);
			runOnlyForDeploymentPostprocessing = 0;
		};
/* End PBXFrameworksBuildPhase section */

/* Begin PBXGroup section */
		D9AD9B6C1EE2B8E800ADC4C6 = {
			isa = PBXGroup;
			children = (
				D9AD9B771EE2B8E800ADC4C6 /* SegmentedControl */,
				D9AD9B8F1EE2B8E800ADC4C6 /* SegmentedControlTests */,
				D9AD9B761EE2B8E800ADC4C6 /* Products */,
			);
			sourceTree = "<group>";
		};
		D9AD9B761EE2B8E800ADC4C6 /* Products */ = {
			isa = PBXGroup;
			children = (
				D9AD9B751EE2B8E800ADC4C6 /* SegmentedControl.app */,
				D9AD9B8C1EE2B8E800ADC4C6 /* SegmentedControlTests.xctest */,
			);
			name = Products;
			sourceTree = "<group>";
		};
		D9AD9B771EE2B8E800ADC4C6 /* SegmentedControl */ = {
			isa = PBXGroup;
			children = (
				D9AD9B781EE2B8E800ADC4C6 /* AppDelegate.swift */,
				D9AD9B7A1EE2B8E800ADC4C6 /* ViewController.swift */,
				D9AD9B7C1EE2B8E800ADC4C6 /* Main.storyboard */,
				D9AD9B821EE2B8E800ADC4C6 /* Assets.xcassets */,
				D9AD9B841EE2B8E800ADC4C6 /* LaunchScreen.storyboard */,
				D9AD9B871EE2B8E800ADC4C6 /* Info.plist */,
				D9AD9B7F1EE2B8E800ADC4C6 /* SegmentedControl.xcdatamodeld */,
			);
			path = SegmentedControl;
			sourceTree = "<group>";
		};
		D9AD9B8F1EE2B8E800ADC4C6 /* SegmentedControlTests */ = {
			isa = PBXGroup;
			children = (
				D9AD9B901EE2B8E800ADC4C6 /* SegmentedControlTests.swift */,
				D9AD9B921EE2B8E800ADC4C6 /* Info.plist */,
			);
			path = SegmentedControlTests;
			sourceTree = "<group>";
		};
/* End PBXGroup section */

/* Begin PBXNativeTarget section */
		D9AD9B741EE2B8E800ADC4C6 /* SegmentedControl */ = {
			isa = PBXNativeTarget;
			buildConfigurationList = D9AD9B951EE2B8E800ADC4C6 /* Build configuration list for PBXNativeTarget "SegmentedControl" */;
			buildPhases = (
				D9AD9B711EE2B8E800ADC4C6 /* Sources */,
				D9AD9B721EE2B8E800ADC4C6 /* Frameworks */,
				D9AD9B731EE2B8E800ADC4C6 /* Resources */,
			);
			buildRules = (
			);
			dependencies = (
			);
			name = SegmentedControl;
			productName = SegmentedControl;
			productReference = D9AD9B751EE2B8E800ADC4C6 /* SegmentedControl.app */;
			productType = "com.apple.product-type.application";
		};
		D9AD9B8B1EE2B8E800ADC4C6 /* SegmentedControlTests */ = {
			isa = PBXNativeTarget;
			buildConfigurationList = D9AD9B981EE2B8E800ADC4C6 /* Build configuration list for PBXNativeTarget "SegmentedControlTests" */;
			buildPhases = (
				D9AD9B881EE2B8E800ADC4C6 /* Sources */,
				D9AD9B891EE2B8E800ADC4C6 /* Frameworks */,
				D9AD9B8A1EE2B8E800ADC4C6 /* Resources */,
			);
			buildRules = (
			);
			dependencies = (
				D9AD9B8E1EE2B8E800ADC4C6 /* PBXTargetDependency */,
			);
			name = SegmentedControlTests;
			productName = SegmentedControlTests;
			productReference = D9AD9B8C1EE2B8E800ADC4C6 /* SegmentedControlTests.xctest */;
			productType = "com.apple.product-type.bundle.unit-test";
		};
/* End PBXNativeTarget section */

/* Begin PBXProject section */
		D9AD9B6D1EE2B8E800ADC4C6 /* Project object */ = {
			isa = PBXProject;
			attributes = {
				LastSwiftUpdateCheck = 0820;
				LastUpgradeCheck = 0820;
				ORGANIZATIONNAME = nhn;
				TargetAttributes = {
					D9AD9B741EE2B8E800ADC4C6 = {
						CreatedOnToolsVersion = 8.2.1;
						ProvisioningStyle = Automatic;
					};
					D9AD9B8B1EE2B8E800ADC4C6 = {
						CreatedOnToolsVersion = 8.2.1;
						ProvisioningStyle = Automatic;
						TestTargetID = D9AD9B741EE2B8E800ADC4C6;
					};
				};
			};
			buildConfigurationList = D9AD9B701EE2B8E800ADC4C6 /* Build configuration list for PBXProject "SegmentedControl" */;
			compatibilityVersion = "Xcode 3.2";
			developmentRegion = English;
			hasScannedForEncodings = 0;
			knownRegions = (
				en,
				Base,
			);
			mainGroup = D9AD9B6C1EE2B8E800ADC4C6;
			productRefGroup = D9AD9B761EE2B8E800ADC4C6 /* Products */;
			projectDirPath = "";
			projectRoot = "";
			targets = (
				D9AD9B741EE2B8E800ADC4C6 /* SegmentedControl */,
				D9AD9B8B1EE2B8E800ADC4C6 /* SegmentedControlTests */,
			);
		};
/* End PBXProject section */

/* Begin PBXResourcesBuildPhase section */
		D9AD9B731EE2B8E800ADC4C6 /* Resources */ = {
			isa = PBXResourcesBuildPhase;
			buildActionMask = 2147483647;
			files = (
				D9AD9B861EE2B8E800ADC4C6 /* LaunchScreen.storyboard in Resources */,
				D9AD9B831EE2B8E800ADC4C6 /* Assets.xcassets in Resources */,
				D9AD9B7E1EE2B8E800ADC4C6 /* Main.storyboard in Resources */,
			);
			runOnlyForDeploymentPostprocessing = 0;
		};
		D9AD9B8A1EE2B8E800ADC4C6 /* Resources */ = {
			isa = PBXResourcesBuildPhase;
			buildActionMask = 2147483647;
			files = (
			);
			runOnlyForDeploymentPostprocessing = 0;
		};
/* End PBXResourcesBuildPhase section */

/* Begin PBXSourcesBuildPhase section */
		D9AD9B711EE2B8E800ADC4C6 /* Sources */ = {
			isa = PBXSourcesBuildPhase;
			buildActionMask = 2147483647;
			files = (
				D9AD9B7B1EE2B8E800ADC4C6 /* ViewController.swift in Sources */,
				D9AD9B811EE2B8E800ADC4C6 /* SegmentedControl.xcdatamodeld in Sources */,
				D9AD9B791EE2B8E800ADC4C6 /* AppDelegate.swift in Sources */,
			);
			runOnlyForDeploymentPostprocessing = 0;
		};
		D9AD9B881EE2B8E800ADC4C6 /* Sources */ = {
			isa = PBXSourcesBuildPhase;
			buildActionMask = 2147483647;
			files = (
				D9AD9B911EE2B8E800ADC4C6 /* SegmentedControlTests.swift in Sources */,
			);
			runOnlyForDeploymentPostprocessing = 0;
		};
/* End PBXSourcesBuildPhase section */

/* Begin PBXTargetDependency section */
		D9AD9B8E1EE2B8E800ADC4C6 /* PBXTargetDependency */ = {
			isa = PBXTargetDependency;
			target = D9AD9B741EE2B8E800ADC4C6 /* SegmentedControl */;
			targetProxy = D9AD9B8D1EE2B8E800ADC4C6 /* PBXContainerItemProxy */;
		};
/* End PBXTargetDependency section */

/* Begin PBXVariantGroup section */
		D9AD9B7C1EE2B8E800ADC4C6 /* Main.storyboard */ = {
			isa = PBXVariantGroup;
			children = (
				D9AD9B7D1EE2B8E800ADC4C6 /* Base */,
			);
			name = Main.storyboard;
			sourceTree = "<group>";
		};
		D9AD9B841EE2B8E800ADC4C6 /* LaunchScreen.storyboard */ = {
			isa = PBXVariantGroup;
			children = (
				D9AD9B851EE2B8E800ADC4C6 /* Base */,
			);
			name = LaunchScreen.storyboard;
			sourceTree = "<group>";
		};
/* End PBXVariantGroup section */

/* Begin XCBuildConfiguration section */
		D9AD9B931EE2B8E800ADC4C6 /* Debug */ = {
			isa = XCBuildConfiguration;
			buildSettings = {
				ALWAYS_SEARCH_USER_PATHS = NO;
				CLANG_ANALYZER_NONNULL = YES;
				CLANG_CXX_LANGUAGE_STANDARD = "gnu++0x";
				CLANG_CXX_LIBRARY = "libc++";
				CLANG_ENABLE_MODULES = YES;
				CLANG_ENABLE_OBJC_ARC = YES;
				CLANG_WARN_BOOL_CONVERSION = YES;
				CLANG_WARN_CONSTANT_CONVERSION = YES;
				CLANG_WARN_DIRECT_OBJC_ISA_USAGE = YES_ERROR;
				CLANG_WARN_DOCUMENTATION_COMMENTS = YES;
				CLANG_WARN_EMPTY_BODY = YES;
				CLANG_WARN_ENUM_CONVERSION = YES;
				CLANG_WARN_INFINITE_RECURSION = YES;
				CLANG_WARN_INT_CONVERSION = YES;
				CLANG_WARN_OBJC_ROOT_CLASS = YES_ERROR;
				CLANG_WARN_SUSPICIOUS_MOVE = YES;
				CLANG_WARN_UNREACHABLE_CODE = YES;
				CLANG_WARN__DUPLICATE_METHOD_MATCH = YES;
				"CODE_SIGN_IDENTITY[sdk=iphoneos*]" = "iPhone Developer";
				COPY_PHASE_STRIP = NO;
				DEBUG_INFORMATION_FORMAT = dwarf;
				ENABLE_STRICT_OBJC_MSGSEND = YES;
				ENABLE_TESTABILITY = YES;
				GCC_C_LANGUAGE_STANDARD = gnu99;
				GCC_DYNAMIC_NO_PIC = NO;
				GCC_NO_COMMON_BLOCKS = YES;
				GCC_OPTIMIZATION_LEVEL = 0;
				GCC_PREPROCESSOR_DEFINITIONS = (
					"DEBUG=1",
					"$(inherited)",
				);
				GCC_WARN_64_TO_32_BIT_CONVERSION = YES;
				GCC_WARN_ABOUT_RETURN_TYPE = YES_ERROR;
				GCC_WARN_UNDECLARED_SELECTOR = YES;
				GCC_WARN_UNINITIALIZED_AUTOS = YES_AGGRESSIVE;
				GCC_WARN_UNUSED_FUNCTION = YES;
				GCC_WARN_UNUSED_VARIABLE = YES;
				IPHONEOS_DEPLOYMENT_TARGET = 10.2;
				MTL_ENABLE_DEBUG_INFO = YES;
				ONLY_ACTIVE_ARCH = YES;
				SDKROOT = iphoneos;
				SWIFT_ACTIVE_COMPILATION_CONDITIONS = DEBUG;
				SWIFT_OPTIMIZATION_LEVEL = "-Onone";
			};
			name = Debug;
		};
		D9AD9B941EE2B8E800ADC4C6 /* Release */ = {
			isa = XCBuildConfiguration;
			buildSettings = {
				ALWAYS_SEARCH_USER_PATHS = NO;
				CLANG_ANALYZER_NONNULL = YES;
				CLANG_CXX_LANGUAGE_STANDARD = "gnu++0x";
				CLANG_CXX_LIBRARY = "libc++";
				CLANG_ENABLE_MODULES = YES;
				CLANG_ENABLE_OBJC_ARC = YES;
				CLANG_WARN_BOOL_CONVERSION = YES;
				CLANG_WARN_CONSTANT_CONVERSION = YES;
				CLANG_WARN_DIRECT_OBJC_ISA_USAGE = YES_ERROR;
				CLANG_WARN_DOCUMENTATION_COMMENTS = YES;
				CLANG_WARN_EMPTY_BODY = YES;
				CLANG_WARN_ENUM_CONVERSION = YES;
				CLANG_WARN_INFINITE_RECURSION = YES;
				CLANG_WARN_INT_CONVERSION = YES;
				CLANG_WARN_OBJC_ROOT_CLASS = YES_ERROR;
				CLANG_WARN_SUSPICIOUS_MOVE = YES;
				CLANG_WARN_UNREACHABLE_CODE = YES;
				CLANG_WARN__DUPLICATE_METHOD_MATCH = YES;
				"CODE_SIGN_IDENTITY[sdk=iphoneos*]" = "iPhone Developer";
				COPY_PHASE_STRIP = NO;
				DEBUG_INFORMATION_FORMAT = "dwarf-with-dsym";
				ENABLE_NS_ASSERTIONS = NO;
				ENABLE_STRICT_OBJC_MSGSEND = YES;
				GCC_C_LANGUAGE_STANDARD = gnu99;
				GCC_NO_COMMON_BLOCKS = YES;
				GCC_WARN_64_TO_32_BIT_CONVERSION = YES;
				GCC_WARN_ABOUT_RETURN_TYPE = YES_ERROR;
				GCC_WARN_UNDECLARED_SELECTOR = YES;
				GCC_WARN_UNINITIALIZED_AUTOS = YES_AGGRESSIVE;
				GCC_WARN_UNUSED_FUNCTION = YES;
				GCC_WARN_UNUSED_VARIABLE = YES;
				IPHONEOS_DEPLOYMENT_TARGET = 10.2;
				MTL_ENABLE_DEBUG_INFO = NO;
				SDKROOT = iphoneos;
				SWIFT_OPTIMIZATION_LEVEL = "-Owholemodule";
				VALIDATE_PRODUCT = YES;
			};
			name = Release;
		};
		D9AD9B961EE2B8E800ADC4C6 /* Debug */ = {
			isa = XCBuildConfiguration;
			buildSettings = {
				ASSETCATALOG_COMPILER_APPICON_NAME = AppIcon;
				INFOPLIST_FILE = SegmentedControl/Info.plist;
				LD_RUNPATH_SEARCH_PATHS = "$(inherited) @executable_path/Frameworks";
				PRODUCT_BUNDLE_IDENTIFIER = com.vara.SegmentedControl;
				PRODUCT_NAME = "$(TARGET_NAME)";
				SWIFT_VERSION = 3.0;
			};
			name = Debug;
		};
		D9AD9B971EE2B8E800ADC4C6 /* Release */ = {
			isa = XCBuildConfiguration;
			buildSettings = {
				ASSETCATALOG_COMPILER_APPICON_NAME = AppIcon;
				INFOPLIST_FILE = SegmentedControl/Info.plist;
				LD_RUNPATH_SEARCH_PATHS = "$(inherited) @executable_path/Frameworks";
				PRODUCT_BUNDLE_IDENTIFIER = com.vara.SegmentedControl;
				PRODUCT_NAME = "$(TARGET_NAME)";
				SWIFT_VERSION = 3.0;
			};
			name = Release;
		};
		D9AD9B991EE2B8E800ADC4C6 /* Debug */ = {
			isa = XCBuildConfiguration;
			buildSettings = {
				ALWAYS_EMBED_SWIFT_STANDARD_LIBRARIES = YES;
				BUNDLE_LOADER = "$(TEST_HOST)";
				INFOPLIST_FILE = SegmentedControlTests/Info.plist;
				LD_RUNPATH_SEARCH_PATHS = "$(inherited) @executable_path/Frameworks @loader_path/Frameworks";
				PRODUCT_BUNDLE_IDENTIFIER = com.vara.SegmentedControlTests;
				PRODUCT_NAME = "$(TARGET_NAME)";
				SWIFT_VERSION = 3.0;
				TEST_HOST = "$(BUILT_PRODUCTS_DIR)/SegmentedControl.app/SegmentedControl";
			};
			name = Debug;
		};
		D9AD9B9A1EE2B8E800ADC4C6 /* Release */ = {
			isa = XCBuildConfiguration;
			buildSettings = {
				ALWAYS_EMBED_SWIFT_STANDARD_LIBRARIES = YES;
				BUNDLE_LOADER = "$(TEST_HOST)";
				INFOPLIST_FILE = SegmentedControlTests/Info.plist;
				LD_RUNPATH_SEARCH_PATHS = "$(inherited) @executable_path/Frameworks @loader_path/Frameworks";
				PRODUCT_BUNDLE_IDENTIFIER = com.vara.SegmentedControlTests;
				PRODUCT_NAME = "$(TARGET_NAME)";
				SWIFT_VERSION = 3.0;
				TEST_HOST = "$(BUILT_PRODUCTS_DIR)/SegmentedControl.app/SegmentedControl";
			};
			name = Release;
		};
/* End XCBuildConfiguration section */

/* Begin XCConfigurationList section */
		D9AD9B701EE2B8E800ADC4C6 /* Build configuration list for PBXProject "SegmentedControl" */ = {
			isa = XCConfigurationList;
			buildConfigurations = (
				D9AD9B931EE2B8E800ADC4C6 /* Debug */,
				D9AD9B941EE2B8E800ADC4C6 /* Release */,
			);
			defaultConfigurationIsVisible = 0;
			defaultConfigurationName = Release;
		};
		D9AD9B951EE2B8E800ADC4C6 /* Build configuration list for PBXNativeTarget "SegmentedControl" */ = {
			isa = XCConfigurationList;
			buildConfigurations = (
				D9AD9B961EE2B8E800ADC4C6 /* Debug */,
				D9AD9B971EE2B8E800ADC4C6 /* Release */,
			);
			defaultConfigurationIsVisible = 0;
		};
		D9AD9B981EE2B8E800ADC4C6 /* Build configuration list for PBXNativeTarget "SegmentedControlTests" */ = {
			isa = XCConfigurationList;
			buildConfigurations = (
				D9AD9B991EE2B8E800ADC4C6 /* Debug */,
				D9AD9B9A1EE2B8E800ADC4C6 /* Release */,
			);
			defaultConfigurationIsVisible = 0;
		};
/* End XCConfigurationList section */

/* Begin XCVersionGroup section */
		D9AD9B7F1EE2B8E800ADC4C6 /* SegmentedControl.xcdatamodeld */ = {
			isa = XCVersionGroup;
			children = (
				D9AD9B801EE2B8E800ADC4C6 /* SegmentedControl.xcdatamodel */,
			);
			currentVersion = D9AD9B801EE2B8E800ADC4C6 /* SegmentedControl.xcdatamodel */;
			path = SegmentedControl.xcdatamodeld;
			sourceTree = "<group>";
			versionGroupType = wrapper.xcdatamodel;
		};
/* End XCVersionGroup section */
	};
	rootObject = D9AD9B6D1EE2B8E800ADC4C6 /* Project object */;
}
