// !$*UTF8*$!
{
	archiveVersion = 1;
	classes = {
	};
	objectVersion = 46;
	objects = {

/* Begin PBXBuildFile section */
		D900A46E1EF114DA0045684C /* AppDelegate.swift in Sources */ = {isa = PBXBuildFile; fileRef = D900A46D1EF114DA0045684C /* AppDelegate.swift */; };
		D900A4731EF114DA0045684C /* Main.storyboard in Resources */ = {isa = PBXBuildFile; fileRef = D900A4711EF114DA0045684C /* Main.storyboard */; };
		D900A4751EF114DA0045684C /* Assets.xcassets in Resources */ = {isa = PBXBuildFile; fileRef = D900A4741EF114DA0045684C /* Assets.xcassets */; };
		D900A4781EF114DA0045684C /* LaunchScreen.storyboard in Resources */ = {isa = PBXBuildFile; fileRef = D900A4761EF114DA0045684C /* LaunchScreen.storyboard */; };
		D900A4801EF119260045684C /* CountingNavigationControllerViewController.swift in Sources */ = {isa = PBXBuildFile; fileRef = D900A47F1EF119260045684C /* CountingNavigationControllerViewController.swift */; };
		D900A4821EF119A80045684C /* GenericViewController.swift in Sources */ = {isa = PBXBuildFile; fileRef = D900A4811EF119A80045684C /* GenericViewController.swift */; };
/* End PBXBuildFile section */

/* Begin PBXFileReference section */
		D900A46A1EF114DA0045684C /* letsNavigate.app */ = {isa = PBXFileReference; explicitFileType = wrapper.application; includeInIndex = 0; path = letsNavigate.app; sourceTree = BUILT_PRODUCTS_DIR; };
		D900A46D1EF114DA0045684C /* AppDelegate.swift */ = {isa = PBXFileReference; lastKnownFileType = sourcecode.swift; path = AppDelegate.swift; sourceTree = "<group>"; };
		D900A4721EF114DA0045684C /* Base */ = {isa = PBXFileReference; lastKnownFileType = file.storyboard; name = Base; path = Base.lproj/Main.storyboard; sourceTree = "<group>"; };
		D900A4741EF114DA0045684C /* Assets.xcassets */ = {isa = PBXFileReference; lastKnownFileType = folder.assetcatalog; path = Assets.xcassets; sourceTree = "<group>"; };
		D900A4771EF114DA0045684C /* Base */ = {isa = PBXFileReference; lastKnownFileType = file.storyboard; name = Base; path = Base.lproj/LaunchScreen.storyboard; sourceTree = "<group>"; };
		D900A4791EF114DA0045684C /* Info.plist */ = {isa = PBXFileReference; lastKnownFileType = text.plist.xml; path = Info.plist; sourceTree = "<group>"; };
		D900A47F1EF119260045684C /* CountingNavigationControllerViewController.swift */ = {isa = PBXFileReference; fileEncoding = 4; lastKnownFileType = sourcecode.swift; path = CountingNavigationControllerViewController.swift; sourceTree = "<group>"; };
		D900A4811EF119A80045684C /* GenericViewController.swift */ = {isa = PBXFileReference; fileEncoding = 4; lastKnownFileType = sourcecode.swift; path = GenericViewController.swift; sourceTree = "<group>"; };
/* End PBXFileReference section */

/* Begin PBXFrameworksBuildPhase section */
		D900A4671EF114DA0045684C /* Frameworks */ = {
			isa = PBXFrameworksBuildPhase;
			buildActionMask = 2147483647;
			files = (
			);
			runOnlyForDeploymentPostprocessing = 0;
		};
/* End PBXFrameworksBuildPhase section */

/* Begin PBXGroup section */
		D900A4611EF114DA0045684C = {
			isa = PBXGroup;
			children = (
				D900A46C1EF114DA0045684C /* letsNavigate */,
				D900A46B1EF114DA0045684C /* Products */,
			);
			sourceTree = "<group>";
		};
		D900A46B1EF114DA0045684C /* Products */ = {
			isa = PBXGroup;
			children = (
				D900A46A1EF114DA0045684C /* letsNavigate.app */,
			);
			name = Products;
			sourceTree = "<group>";
		};
		D900A46C1EF114DA0045684C /* letsNavigate */ = {
			isa = PBXGroup;
			children = (
				D900A46D1EF114DA0045684C /* AppDelegate.swift */,
				D900A4711EF114DA0045684C /* Main.storyboard */,
				D900A4741EF114DA0045684C /* Assets.xcassets */,
				D900A4761EF114DA0045684C /* LaunchScreen.storyboard */,
				D900A4791EF114DA0045684C /* Info.plist */,
				D900A47F1EF119260045684C /* CountingNavigationControllerViewController.swift */,
				D900A4811EF119A80045684C /* GenericViewController.swift */,
			);
			path = letsNavigate;
			sourceTree = "<group>";
		};
/* End PBXGroup section */

/* Begin PBXNativeTarget section */
		D900A4691EF114DA0045684C /* letsNavigate */ = {
			isa = PBXNativeTarget;
			buildConfigurationList = D900A47C1EF114DA0045684C /* Build configuration list for PBXNativeTarget "letsNavigate" */;
			buildPhases = (
				D900A4661EF114DA0045684C /* Sources */,
				D900A4671EF114DA0045684C /* Frameworks */,
				D900A4681EF114DA0045684C /* Resources */,
			);
			buildRules = (
			);
			dependencies = (
			);
			name = letsNavigate;
			productName = letsNavigate;
			productReference = D900A46A1EF114DA0045684C /* letsNavigate.app */;
			productType = "com.apple.product-type.application";
		};
/* End PBXNativeTarget section */

/* Begin PBXProject section */
		D900A4621EF114DA0045684C /* Project object */ = {
			isa = PBXProject;
			attributes = {
				LastSwiftUpdateCheck = 0830;
				LastUpgradeCheck = 0830;
				ORGANIZATIONNAME = nhn;
				TargetAttributes = {
					D900A4691EF114DA0045684C = {
						CreatedOnToolsVersion = 8.3.3;
						ProvisioningStyle = Automatic;
					};
				};
			};
			buildConfigurationList = D900A4651EF114DA0045684C /* Build configuration list for PBXProject "letsNavigate" */;
			compatibilityVersion = "Xcode 3.2";
			developmentRegion = English;
			hasScannedForEncodings = 0;
			knownRegions = (
				en,
				Base,
			);
			mainGroup = D900A4611EF114DA0045684C;
			productRefGroup = D900A46B1EF114DA0045684C /* Products */;
			projectDirPath = "";
			projectRoot = "";
			targets = (
				D900A4691EF114DA0045684C /* letsNavigate */,
			);
		};
/* End PBXProject section */

/* Begin PBXResourcesBuildPhase section */
		D900A4681EF114DA0045684C /* Resources */ = {
			isa = PBXResourcesBuildPhase;
			buildActionMask = 2147483647;
			files = (
				D900A4781EF114DA0045684C /* LaunchScreen.storyboard in Resources */,
				D900A4751EF114DA0045684C /* Assets.xcassets in Resources */,
				D900A4731EF114DA0045684C /* Main.storyboard in Resources */,
			);
			runOnlyForDeploymentPostprocessing = 0;
		};
/* End PBXResourcesBuildPhase section */

/* Begin PBXSourcesBuildPhase section */
		D900A4661EF114DA0045684C /* Sources */ = {
			isa = PBXSourcesBuildPhase;
			buildActionMask = 2147483647;
			files = (
				D900A4801EF119260045684C /* CountingNavigationControllerViewController.swift in Sources */,
				D900A4821EF119A80045684C /* GenericViewController.swift in Sources */,
				D900A46E1EF114DA0045684C /* AppDelegate.swift in Sources */,
			);
			runOnlyForDeploymentPostprocessing = 0;
		};
/* End PBXSourcesBuildPhase section */

/* Begin PBXVariantGroup section */
		D900A4711EF114DA0045684C /* Main.storyboard */ = {
			isa = PBXVariantGroup;
			children = (
				D900A4721EF114DA0045684C /* Base */,
			);
			name = Main.storyboard;
			sourceTree = "<group>";
		};
		D900A4761EF114DA0045684C /* LaunchScreen.storyboard */ = {
			isa = PBXVariantGroup;
			children = (
				D900A4771EF114DA0045684C /* Base */,
			);
			name = LaunchScreen.storyboard;
			sourceTree = "<group>";
		};
/* End PBXVariantGroup section */

/* Begin XCBuildConfiguration section */
		D900A47A1EF114DA0045684C /* Debug */ = {
			isa = XCBuildConfiguration;
			buildSettings = {
				ALWAYS_SEARCH_USER_PATHS = NO;
				CLANG_ANALYZER_NONNULL = YES;
				CLANG_ANALYZER_NUMBER_OBJECT_CONVERSION = YES_AGGRESSIVE;
				CLANG_CXX_LANGUAGE_STANDARD = "gnu++0x";
				CLANG_CXX_LIBRARY = "libc++";
				CLANG_ENABLE_MODULES = YES;
				CLANG_ENABLE_OBJC_ARC = YES;
				CLANG_WARN_BOOL_CONVERSION = YES;
				CLANG_WARN_CONSTANT_CONVERSION = YES;
				CLANG_WARN_DIRECT_OBJC_ISA_USAGE = YES_ERROR;
				CLANG_WARN_DOCUMENTATION_COMMENTS = YES;
				CLANG_WARN_EMPTY_BODY = YES;
				CLANG_WARN_ENUM_CONVERSION = YES;
				CLANG_WARN_INFINITE_RECURSION = YES;
				CLANG_WARN_INT_CONVERSION = YES;
				CLANG_WARN_OBJC_ROOT_CLASS = YES_ERROR;
				CLANG_WARN_SUSPICIOUS_MOVE = YES;
				CLANG_WARN_UNREACHABLE_CODE = YES;
				CLANG_WARN__DUPLICATE_METHOD_MATCH = YES;
				"CODE_SIGN_IDENTITY[sdk=iphoneos*]" = "iPhone Developer";
				COPY_PHASE_STRIP = NO;
				DEBUG_INFORMATION_FORMAT = dwarf;
				ENABLE_STRICT_OBJC_MSGSEND = YES;
				ENABLE_TESTABILITY = YES;
				GCC_C_LANGUAGE_STANDARD = gnu99;
				GCC_DYNAMIC_NO_PIC = NO;
				GCC_NO_COMMON_BLOCKS = YES;
				GCC_OPTIMIZATION_LEVEL = 0;
				GCC_PREPROCESSOR_DEFINITIONS = (
					"DEBUG=1",
					"$(inherited)",
				);
				GCC_WARN_64_TO_32_BIT_CONVERSION = YES;
				GCC_WARN_ABOUT_RETURN_TYPE = YES_ERROR;
				GCC_WARN_UNDECLARED_SELECTOR = YES;
				GCC_WARN_UNINITIALIZED_AUTOS = YES_AGGRESSIVE;
				GCC_WARN_UNUSED_FUNCTION = YES;
				GCC_WARN_UNUSED_VARIABLE = YES;
				IPHONEOS_DEPLOYMENT_TARGET = 10.3;
				MTL_ENABLE_DEBUG_INFO = YES;
				ONLY_ACTIVE_ARCH = YES;
				SDKROOT = iphoneos;
				SWIFT_ACTIVE_COMPILATION_CONDITIONS = DEBUG;
				SWIFT_OPTIMIZATION_LEVEL = "-Onone";
			};
			name = Debug;
		};
		D900A47B1EF114DA0045684C /* Release */ = {
			isa = XCBuildConfiguration;
			buildSettings = {
				ALWAYS_SEARCH_USER_PATHS = NO;
				CLANG_ANALYZER_NONNULL = YES;
				CLANG_ANALYZER_NUMBER_OBJECT_CONVERSION = YES_AGGRESSIVE;
				CLANG_CXX_LANGUAGE_STANDARD = "gnu++0x";
				CLANG_CXX_LIBRARY = "libc++";
				CLANG_ENABLE_MODULES = YES;
				CLANG_ENABLE_OBJC_ARC = YES;
				CLANG_WARN_BOOL_CONVERSION = YES;
				CLANG_WARN_CONSTANT_CONVERSION = YES;
				CLANG_WARN_DIRECT_OBJC_ISA_USAGE = YES_ERROR;
				CLANG_WARN_DOCUMENTATION_COMMENTS = YES;
				CLANG_WARN_EMPTY_BODY = YES;
				CLANG_WARN_ENUM_CONVERSION = YES;
				CLANG_WARN_INFINITE_RECURSION = YES;
				CLANG_WARN_INT_CONVERSION = YES;
				CLANG_WARN_OBJC_ROOT_CLASS = YES_ERROR;
				CLANG_WARN_SUSPICIOUS_MOVE = YES;
				CLANG_WARN_UNREACHABLE_CODE = YES;
				CLANG_WARN__DUPLICATE_METHOD_MATCH = YES;
				"CODE_SIGN_IDENTITY[sdk=iphoneos*]" = "iPhone Developer";
				COPY_PHASE_STRIP = NO;
				DEBUG_INFORMATION_FORMAT = "dwarf-with-dsym";
				ENABLE_NS_ASSERTIONS = NO;
				ENABLE_STRICT_OBJC_MSGSEND = YES;
				GCC_C_LANGUAGE_STANDARD = gnu99;
				GCC_NO_COMMON_BLOCKS = YES;
				GCC_WARN_64_TO_32_BIT_CONVERSION = YES;
				GCC_WARN_ABOUT_RETURN_TYPE = YES_ERROR;
				GCC_WARN_UNDECLARED_SELECTOR = YES;
				GCC_WARN_UNINITIALIZED_AUTOS = YES_AGGRESSIVE;
				GCC_WARN_UNUSED_FUNCTION = YES;
				GCC_WARN_UNUSED_VARIABLE = YES;
				IPHONEOS_DEPLOYMENT_TARGET = 10.3;
				MTL_ENABLE_DEBUG_INFO = NO;
				SDKROOT = iphoneos;
				SWIFT_OPTIMIZATION_LEVEL = "-Owholemodule";
				VALIDATE_PRODUCT = YES;
			};
			name = Release;
		};
		D900A47D1EF114DA0045684C /* Debug */ = {
			isa = XCBuildConfiguration;
			buildSettings = {
				ASSETCATALOG_COMPILER_APPICON_NAME = AppIcon;
				INFOPLIST_FILE = letsNavigate/Info.plist;
				LD_RUNPATH_SEARCH_PATHS = "$(inherited) @executable_path/Frameworks";
				PRODUCT_BUNDLE_IDENTIFIER = com.vara.letsNavigate;
				PRODUCT_NAME = "$(TARGET_NAME)";
				SWIFT_VERSION = 3.0;
			};
			name = Debug;
		};
		D900A47E1EF114DA0045684C /* Release */ = {
			isa = XCBuildConfiguration;
			buildSettings = {
				ASSETCATALOG_COMPILER_APPICON_NAME = AppIcon;
				INFOPLIST_FILE = letsNavigate/Info.plist;
				LD_RUNPATH_SEARCH_PATHS = "$(inherited) @executable_path/Frameworks";
				PRODUCT_BUNDLE_IDENTIFIER = com.vara.letsNavigate;
				PRODUCT_NAME = "$(TARGET_NAME)";
				SWIFT_VERSION = 3.0;
			};
			name = Release;
		};
/* End XCBuildConfiguration section */

/* Begin XCConfigurationList section */
		D900A4651EF114DA0045684C /* Build configuration list for PBXProject "letsNavigate" */ = {
			isa = XCConfigurationList;
			buildConfigurations = (
				D900A47A1EF114DA0045684C /* Debug */,
				D900A47B1EF114DA0045684C /* Release */,
			);
			defaultConfigurationIsVisible = 0;
			defaultConfigurationName = Release;
		};
		D900A47C1EF114DA0045684C /* Build configuration list for PBXNativeTarget "letsNavigate" */ = {
			isa = XCConfigurationList;
			buildConfigurations = (
				D900A47D1EF114DA0045684C /* Debug */,
				D900A47E1EF114DA0045684C /* Release */,
			);
			defaultConfigurationIsVisible = 0;
			defaultConfigurationName = Release;
		};
/* End XCConfigurationList section */
	};
	rootObject = D900A4621EF114DA0045684C /* Project object */;
}
